
Microsoft Visual Studio Solution File, Format Version 12.00
# Visual Studio Version 17
VisualStudioVersion = 17.2.32616.157
MinimumVisualStudioVersion = 10.0.40219.1
Project("{FAE04EC0-301F-11D3-BF4B-00C04F79EFBC}") = "DependnencyInjection01", "DependnencyInjection01\DependnencyInjection01.csproj", "{A3FDEFDC-A50D-4B78-89E2-C3477CAF893F}"
EndProject
Global
	GlobalSection(SolutionConfigurationPlatforms) = preSolution
		Debug|Any CPU = Debug|Any CPU
		Release|Any CPU = Release|Any CPU
	EndGlobalSection
	GlobalSection(ProjectConfigurationPlatforms) = postSolution
		{A3FDEFDC-A50D-4B78-89E2-C3477CAF893F}.Debug|Any CPU.ActiveCfg = Debug|Any CPU
		{A3FDEFDC-A50D-4B78-89E2-C3477CAF893F}.Debug|Any CPU.Build.0 = Debug|Any CPU
		{A3FDEFDC-A50D-4B78-89E2-C3477CAF893F}.Release|Any CPU.ActiveCfg = Release|Any CPU
		{A3FDEFDC-A50D-4B78-89E2-C3477CAF893F}.Release|Any CPU.Build.0 = Release|Any CPU
	EndGlobalSection
	GlobalSection(SolutionProperties) = preSolution
		HideSolutionNode = FALSE
	EndGlobalSection
	GlobalSection(ExtensibilityGlobals) = postSolution
		SolutionGuid = {6151BB99-6032-4C15-9A76-A6D6EACCE909}
	EndGlobalSection
EndGlobal
